// !$*UTF8*$!
{
	archiveVersion = 1;
	classes = {
	};
	objectVersion = 56;
	objects = {

/* Begin PBXBuildFile section */
		84F025552A43043500980499 /* AppDelegate.swift in Sources */ = {isa = PBXBuildFile; fileRef = 84F025542A43043500980499 /* AppDelegate.swift */; };
		84F025572A43043500980499 /* SceneDelegate.swift in Sources */ = {isa = PBXBuildFile; fileRef = 84F025562A43043500980499 /* SceneDelegate.swift */; };
		84F025592A43043500980499 /* ViewController.swift in Sources */ = {isa = PBXBuildFile; fileRef = 84F025582A43043500980499 /* ViewController.swift */; };
		84F0255E2A43043700980499 /* Assets.xcassets in Resources */ = {isa = PBXBuildFile; fileRef = 84F0255D2A43043700980499 /* Assets.xcassets */; };
		84F025612A43043700980499 /* LaunchScreen.storyboard in Resources */ = {isa = PBXBuildFile; fileRef = 84F0255F2A43043700980499 /* LaunchScreen.storyboard */; };
		84F025702A43053A00980499 /* MainTabController.swift in Sources */ = {isa = PBXBuildFile; fileRef = 84F0256F2A43053A00980499 /* MainTabController.swift */; };
		84F025752A430A0800980499 /* FeedController.swift in Sources */ = {isa = PBXBuildFile; fileRef = 84F025742A430A0800980499 /* FeedController.swift */; };
		84F025772A430A1500980499 /* SearchController.swift in Sources */ = {isa = PBXBuildFile; fileRef = 84F025762A430A1500980499 /* SearchController.swift */; };
		84F025792A430A2200980499 /* ImageSelectorController.swift in Sources */ = {isa = PBXBuildFile; fileRef = 84F025782A430A2200980499 /* ImageSelectorController.swift */; };
		84F0257B2A430A2D00980499 /* NotificationController.swift in Sources */ = {isa = PBXBuildFile; fileRef = 84F0257A2A430A2D00980499 /* NotificationController.swift */; };
		84F0257D2A430A3D00980499 /* ProfileController.swift in Sources */ = {isa = PBXBuildFile; fileRef = 84F0257C2A430A3D00980499 /* ProfileController.swift */; };
/* End PBXBuildFile section */

/* Begin PBXFileReference section */
		84F025512A43043500980499 /* InstangramClone.app */ = {isa = PBXFileReference; explicitFileType = wrapper.application; includeInIndex = 0; path = InstangramClone.app; sourceTree = BUILT_PRODUCTS_DIR; };
		84F025542A43043500980499 /* AppDelegate.swift */ = {isa = PBXFileReference; lastKnownFileType = sourcecode.swift; path = AppDelegate.swift; sourceTree = "<group>"; };
		84F025562A43043500980499 /* SceneDelegate.swift */ = {isa = PBXFileReference; lastKnownFileType = sourcecode.swift; path = SceneDelegate.swift; sourceTree = "<group>"; };
		84F025582A43043500980499 /* ViewController.swift */ = {isa = PBXFileReference; lastKnownFileType = sourcecode.swift; path = ViewController.swift; sourceTree = "<group>"; };
		84F0255D2A43043700980499 /* Assets.xcassets */ = {isa = PBXFileReference; lastKnownFileType = folder.assetcatalog; path = Assets.xcassets; sourceTree = "<group>"; };
		84F025602A43043700980499 /* Base */ = {isa = PBXFileReference; lastKnownFileType = file.storyboard; name = Base; path = Base.lproj/LaunchScreen.storyboard; sourceTree = "<group>"; };
		84F025622A43043700980499 /* Info.plist */ = {isa = PBXFileReference; lastKnownFileType = text.plist.xml; path = Info.plist; sourceTree = "<group>"; };
		84F0256F2A43053A00980499 /* MainTabController.swift */ = {isa = PBXFileReference; lastKnownFileType = sourcecode.swift; path = MainTabController.swift; sourceTree = "<group>"; };
		84F025742A430A0800980499 /* FeedController.swift */ = {isa = PBXFileReference; lastKnownFileType = sourcecode.swift; path = FeedController.swift; sourceTree = "<group>"; };
		84F025762A430A1500980499 /* SearchController.swift */ = {isa = PBXFileReference; lastKnownFileType = sourcecode.swift; path = SearchController.swift; sourceTree = "<group>"; };
		84F025782A430A2200980499 /* ImageSelectorController.swift */ = {isa = PBXFileReference; lastKnownFileType = sourcecode.swift; path = ImageSelectorController.swift; sourceTree = "<group>"; };
		84F0257A2A430A2D00980499 /* NotificationController.swift */ = {isa = PBXFileReference; lastKnownFileType = sourcecode.swift; path = NotificationController.swift; sourceTree = "<group>"; };
		84F0257C2A430A3D00980499 /* ProfileController.swift */ = {isa = PBXFileReference; lastKnownFileType = sourcecode.swift; path = ProfileController.swift; sourceTree = "<group>"; };
/* End PBXFileReference section */

/* Begin PBXFrameworksBuildPhase section */
		84F0254E2A43043500980499 /* Frameworks */ = {
			isa = PBXFrameworksBuildPhase;
			buildActionMask = 2147483647;
			files = (
			);
			runOnlyForDeploymentPostprocessing = 0;
		};
/* End PBXFrameworksBuildPhase section */

/* Begin PBXGroup section */
		84F025482A43043500980499 = {
			isa = PBXGroup;
			children = (
				84F025532A43043500980499 /* InstangramClone */,
				84F025522A43043500980499 /* Products */,
			);
			sourceTree = "<group>";
		};
		84F025522A43043500980499 /* Products */ = {
			isa = PBXGroup;
			children = (
				84F025512A43043500980499 /* InstangramClone.app */,
			);
			name = Products;
			sourceTree = "<group>";
		};
		84F025532A43043500980499 /* InstangramClone */ = {
			isa = PBXGroup;
			children = (
				84F0256E2A4304BC00980499 /* Model */,
				84F0256D2A4304B900980499 /* View */,
				84F0256C2A4304B700980499 /* ViewModel */,
				84F0256B2A4304B400980499 /* Controller */,
				84F025692A4304A100980499 /* API */,
				84F025682A43049A00980499 /* Utils */,
				84F025582A43043500980499 /* ViewController.swift */,
				84F025732A4307D200980499 /* Support */,
				84F025722A4307C800980499 /* Helper */,
				84F025712A4307C500980499 /* App */,
			);
			path = InstangramClone;
			sourceTree = "<group>";
		};
		84F025682A43049A00980499 /* Utils */ = {
			isa = PBXGroup;
			children = (
			);
			path = Utils;
			sourceTree = "<group>";
		};
		84F025692A4304A100980499 /* API */ = {
			isa = PBXGroup;
			children = (
			);
			path = API;
			sourceTree = "<group>";
		};
		84F0256B2A4304B400980499 /* Controller */ = {
			isa = PBXGroup;
			children = (
				84F0256F2A43053A00980499 /* MainTabController.swift */,
				84F025742A430A0800980499 /* FeedController.swift */,
				84F025762A430A1500980499 /* SearchController.swift */,
				84F025782A430A2200980499 /* ImageSelectorController.swift */,
				84F0257A2A430A2D00980499 /* NotificationController.swift */,
				84F0257C2A430A3D00980499 /* ProfileController.swift */,
			);
			path = Controller;
			sourceTree = "<group>";
		};
		84F0256C2A4304B700980499 /* ViewModel */ = {
			isa = PBXGroup;
			children = (
			);
			path = ViewModel;
			sourceTree = "<group>";
		};
		84F0256D2A4304B900980499 /* View */ = {
			isa = PBXGroup;
			children = (
			);
			path = View;
			sourceTree = "<group>";
		};
		84F0256E2A4304BC00980499 /* Model */ = {
			isa = PBXGroup;
			children = (
			);
			path = Model;
			sourceTree = "<group>";
		};
		84F025712A4307C500980499 /* App */ = {
			isa = PBXGroup;
			children = (
				84F025542A43043500980499 /* AppDelegate.swift */,
				84F025562A43043500980499 /* SceneDelegate.swift */,
			);
			path = App;
			sourceTree = "<group>";
		};
		84F025722A4307C800980499 /* Helper */ = {
			isa = PBXGroup;
			children = (
				84F0255D2A43043700980499 /* Assets.xcassets */,
				84F0255F2A43043700980499 /* LaunchScreen.storyboard */,
			);
			path = Helper;
			sourceTree = "<group>";
		};
		84F025732A4307D200980499 /* Support */ = {
			isa = PBXGroup;
			children = (
				84F025622A43043700980499 /* Info.plist */,
			);
			path = Support;
			sourceTree = "<group>";
		};
/* End PBXGroup section */

/* Begin PBXNativeTarget section */
		84F025502A43043500980499 /* InstangramClone */ = {
			isa = PBXNativeTarget;
			buildConfigurationList = 84F025652A43043700980499 /* Build configuration list for PBXNativeTarget "InstangramClone" */;
			buildPhases = (
				84F0254D2A43043500980499 /* Sources */,
				84F0254E2A43043500980499 /* Frameworks */,
				84F0254F2A43043500980499 /* Resources */,
			);
			buildRules = (
			);
			dependencies = (
			);
			name = InstangramClone;
			productName = InstangramClone;
			productReference = 84F025512A43043500980499 /* InstangramClone.app */;
			productType = "com.apple.product-type.application";
		};
/* End PBXNativeTarget section */

/* Begin PBXProject section */
		84F025492A43043500980499 /* Project object */ = {
			isa = PBXProject;
			attributes = {
				BuildIndependentTargetsInParallel = 1;
				LastSwiftUpdateCheck = 1430;
				LastUpgradeCheck = 1430;
				TargetAttributes = {
					84F025502A43043500980499 = {
						CreatedOnToolsVersion = 14.3.1;
					};
				};
			};
			buildConfigurationList = 84F0254C2A43043500980499 /* Build configuration list for PBXProject "InstangramClone" */;
			compatibilityVersion = "Xcode 14.0";
			developmentRegion = en;
			hasScannedForEncodings = 0;
			knownRegions = (
				en,
				Base,
			);
			mainGroup = 84F025482A43043500980499;
			productRefGroup = 84F025522A43043500980499 /* Products */;
			projectDirPath = "";
			projectRoot = "";
			targets = (
				84F025502A43043500980499 /* InstangramClone */,
			);
		};
/* End PBXProject section */

/* Begin PBXResourcesBuildPhase section */
		84F0254F2A43043500980499 /* Resources */ = {
			isa = PBXResourcesBuildPhase;
			buildActionMask = 2147483647;
			files = (
				84F025612A43043700980499 /* LaunchScreen.storyboard in Resources */,
				84F0255E2A43043700980499 /* Assets.xcassets in Resources */,
			);
			runOnlyForDeploymentPostprocessing = 0;
		};
/* End PBXResourcesBuildPhase section */

/* Begin PBXSourcesBuildPhase section */
		84F0254D2A43043500980499 /* Sources */ = {
			isa = PBXSourcesBuildPhase;
			buildActionMask = 2147483647;
			files = (
				84F025592A43043500980499 /* ViewController.swift in Sources */,
				84F025792A430A2200980499 /* ImageSelectorController.swift in Sources */,
				84F0257B2A430A2D00980499 /* NotificationController.swift in Sources */,
				84F025772A430A1500980499 /* SearchController.swift in Sources */,
				84F025552A43043500980499 /* AppDelegate.swift in Sources */,
				84F0257D2A430A3D00980499 /* ProfileController.swift in Sources */,
				84F025752A430A0800980499 /* FeedController.swift in Sources */,
				84F025702A43053A00980499 /* MainTabController.swift in Sources */,
				84F025572A43043500980499 /* SceneDelegate.swift in Sources */,
			);
			runOnlyForDeploymentPostprocessing = 0;
		};
/* End PBXSourcesBuildPhase section */

/* Begin PBXVariantGroup section */
		84F0255F2A43043700980499 /* LaunchScreen.storyboard */ = {
			isa = PBXVariantGroup;
			children = (
				84F025602A43043700980499 /* Base */,
			);
			name = LaunchScreen.storyboard;
			sourceTree = "<group>";
		};
/* End PBXVariantGroup section */

/* Begin XCBuildConfiguration section */
		84F025632A43043700980499 /* Debug */ = {
			isa = XCBuildConfiguration;
			buildSettings = {
				ALWAYS_SEARCH_USER_PATHS = NO;
				CLANG_ANALYZER_NONNULL = YES;
				CLANG_ANALYZER_NUMBER_OBJECT_CONVERSION = YES_AGGRESSIVE;
				CLANG_CXX_LANGUAGE_STANDARD = "gnu++20";
				CLANG_ENABLE_MODULES = YES;
				CLANG_ENABLE_OBJC_ARC = YES;
				CLANG_ENABLE_OBJC_WEAK = YES;
				CLANG_WARN_BLOCK_CAPTURE_AUTORELEASING = YES;
				CLANG_WARN_BOOL_CONVERSION = YES;
				CLANG_WARN_COMMA = YES;
				CLANG_WARN_CONSTANT_CONVERSION = YES;
				CLANG_WARN_DEPRECATED_OBJC_IMPLEMENTATIONS = YES;
				CLANG_WARN_DIRECT_OBJC_ISA_USAGE = YES_ERROR;
				CLANG_WARN_DOCUMENTATION_COMMENTS = YES;
				CLANG_WARN_EMPTY_BODY = YES;
				CLANG_WARN_ENUM_CONVERSION = YES;
				CLANG_WARN_INFINITE_RECURSION = YES;
				CLANG_WARN_INT_CONVERSION = YES;
				CLANG_WARN_NON_LITERAL_NULL_CONVERSION = YES;
				CLANG_WARN_OBJC_IMPLICIT_RETAIN_SELF = YES;
				CLANG_WARN_OBJC_LITERAL_CONVERSION = YES;
				CLANG_WARN_OBJC_ROOT_CLASS = YES_ERROR;
				CLANG_WARN_QUOTED_INCLUDE_IN_FRAMEWORK_HEADER = YES;
				CLANG_WARN_RANGE_LOOP_ANALYSIS = YES;
				CLANG_WARN_STRICT_PROTOTYPES = YES;
				CLANG_WARN_SUSPICIOUS_MOVE = YES;
				CLANG_WARN_UNGUARDED_AVAILABILITY = YES_AGGRESSIVE;
				CLANG_WARN_UNREACHABLE_CODE = YES;
				CLANG_WARN__DUPLICATE_METHOD_MATCH = YES;
				COPY_PHASE_STRIP = NO;
				DEBUG_INFORMATION_FORMAT = dwarf;
				ENABLE_STRICT_OBJC_MSGSEND = YES;
				ENABLE_TESTABILITY = YES;
				GCC_C_LANGUAGE_STANDARD = gnu11;
				GCC_DYNAMIC_NO_PIC = NO;
				GCC_NO_COMMON_BLOCKS = YES;
				GCC_OPTIMIZATION_LEVEL = 0;
				GCC_PREPROCESSOR_DEFINITIONS = (
					"DEBUG=1",
					"$(inherited)",
				);
				GCC_WARN_64_TO_32_BIT_CONVERSION = YES;
				GCC_WARN_ABOUT_RETURN_TYPE = YES_ERROR;
				GCC_WARN_UNDECLARED_SELECTOR = YES;
				GCC_WARN_UNINITIALIZED_AUTOS = YES_AGGRESSIVE;
				GCC_WARN_UNUSED_FUNCTION = YES;
				GCC_WARN_UNUSED_VARIABLE = YES;
				IPHONEOS_DEPLOYMENT_TARGET = 16.4;
				MTL_ENABLE_DEBUG_INFO = INCLUDE_SOURCE;
				MTL_FAST_MATH = YES;
				ONLY_ACTIVE_ARCH = YES;
				SDKROOT = iphoneos;
				SWIFT_ACTIVE_COMPILATION_CONDITIONS = DEBUG;
				SWIFT_OPTIMIZATION_LEVEL = "-Onone";
			};
			name = Debug;
		};
		84F025642A43043700980499 /* Release */ = {
			isa = XCBuildConfiguration;
			buildSettings = {
				ALWAYS_SEARCH_USER_PATHS = NO;
				CLANG_ANALYZER_NONNULL = YES;
				CLANG_ANALYZER_NUMBER_OBJECT_CONVERSION = YES_AGGRESSIVE;
				CLANG_CXX_LANGUAGE_STANDARD = "gnu++20";
				CLANG_ENABLE_MODULES = YES;
				CLANG_ENABLE_OBJC_ARC = YES;
				CLANG_ENABLE_OBJC_WEAK = YES;
				CLANG_WARN_BLOCK_CAPTURE_AUTORELEASING = YES;
				CLANG_WARN_BOOL_CONVERSION = YES;
				CLANG_WARN_COMMA = YES;
				CLANG_WARN_CONSTANT_CONVERSION = YES;
				CLANG_WARN_DEPRECATED_OBJC_IMPLEMENTATIONS = YES;
				CLANG_WARN_DIRECT_OBJC_ISA_USAGE = YES_ERROR;
				CLANG_WARN_DOCUMENTATION_COMMENTS = YES;
				CLANG_WARN_EMPTY_BODY = YES;
				CLANG_WARN_ENUM_CONVERSION = YES;
				CLANG_WARN_INFINITE_RECURSION = YES;
				CLANG_WARN_INT_CONVERSION = YES;
				CLANG_WARN_NON_LITERAL_NULL_CONVERSION = YES;
				CLANG_WARN_OBJC_IMPLICIT_RETAIN_SELF = YES;
				CLANG_WARN_OBJC_LITERAL_CONVERSION = YES;
				CLANG_WARN_OBJC_ROOT_CLASS = YES_ERROR;
				CLANG_WARN_QUOTED_INCLUDE_IN_FRAMEWORK_HEADER = YES;
				CLANG_WARN_RANGE_LOOP_ANALYSIS = YES;
				CLANG_WARN_STRICT_PROTOTYPES = YES;
				CLANG_WARN_SUSPICIOUS_MOVE = YES;
				CLANG_WARN_UNGUARDED_AVAILABILITY = YES_AGGRESSIVE;
				CLANG_WARN_UNREACHABLE_CODE = YES;
				CLANG_WARN__DUPLICATE_METHOD_MATCH = YES;
				COPY_PHASE_STRIP = NO;
				DEBUG_INFORMATION_FORMAT = "dwarf-with-dsym";
				ENABLE_NS_ASSERTIONS = NO;
				ENABLE_STRICT_OBJC_MSGSEND = YES;
				GCC_C_LANGUAGE_STANDARD = gnu11;
				GCC_NO_COMMON_BLOCKS = YES;
				GCC_WARN_64_TO_32_BIT_CONVERSION = YES;
				GCC_WARN_ABOUT_RETURN_TYPE = YES_ERROR;
				GCC_WARN_UNDECLARED_SELECTOR = YES;
				GCC_WARN_UNINITIALIZED_AUTOS = YES_AGGRESSIVE;
				GCC_WARN_UNUSED_FUNCTION = YES;
				GCC_WARN_UNUSED_VARIABLE = YES;
				IPHONEOS_DEPLOYMENT_TARGET = 16.4;
				MTL_ENABLE_DEBUG_INFO = NO;
				MTL_FAST_MATH = YES;
				SDKROOT = iphoneos;
				SWIFT_COMPILATION_MODE = wholemodule;
				SWIFT_OPTIMIZATION_LEVEL = "-O";
				VALIDATE_PRODUCT = YES;
			};
			name = Release;
		};
		84F025662A43043700980499 /* Debug */ = {
			isa = XCBuildConfiguration;
			buildSettings = {
				ASSETCATALOG_COMPILER_APPICON_NAME = AppIcon;
				ASSETCATALOG_COMPILER_GLOBAL_ACCENT_COLOR_NAME = AccentColor;
				CODE_SIGN_STYLE = Automatic;
				CURRENT_PROJECT_VERSION = 1;
				DEVELOPMENT_TEAM = Q6XS9G2H7P;
				GENERATE_INFOPLIST_FILE = YES;
				INFOPLIST_FILE = InstangramClone/Support/Info.plist;
				INFOPLIST_KEY_UIApplicationSupportsIndirectInputEvents = YES;
				INFOPLIST_KEY_UILaunchStoryboardName = LaunchScreen;
				INFOPLIST_KEY_UISupportedInterfaceOrientations_iPad = "UIInterfaceOrientationPortrait UIInterfaceOrientationPortraitUpsideDown UIInterfaceOrientationLandscapeLeft UIInterfaceOrientationLandscapeRight";
				INFOPLIST_KEY_UISupportedInterfaceOrientations_iPhone = "UIInterfaceOrientationPortrait UIInterfaceOrientationLandscapeLeft UIInterfaceOrientationLandscapeRight";
				LD_RUNPATH_SEARCH_PATHS = (
					"$(inherited)",
					"@executable_path/Frameworks",
				);
				MARKETING_VERSION = 1.0;
				PRODUCT_BUNDLE_IDENTIFIER = com.yasinozmeen.InstangramClone;
				PRODUCT_NAME = "$(TARGET_NAME)";
				SWIFT_EMIT_LOC_STRINGS = YES;
				SWIFT_VERSION = 5.0;
				TARGETED_DEVICE_FAMILY = "1,2";
			};
			name = Debug;
		};
		84F025672A43043700980499 /* Release */ = {
			isa = XCBuildConfiguration;
			buildSettings = {
				ASSETCATALOG_COMPILER_APPICON_NAME = AppIcon;
				ASSETCATALOG_COMPILER_GLOBAL_ACCENT_COLOR_NAME = AccentColor;
				CODE_SIGN_STYLE = Automatic;
				CURRENT_PROJECT_VERSION = 1;
				DEVELOPMENT_TEAM = Q6XS9G2H7P;
				GENERATE_INFOPLIST_FILE = YES;
				INFOPLIST_FILE = InstangramClone/Support/Info.plist;
				INFOPLIST_KEY_UIApplicationSupportsIndirectInputEvents = YES;
				INFOPLIST_KEY_UILaunchStoryboardName = LaunchScreen;
				INFOPLIST_KEY_UISupportedInterfaceOrientations_iPad = "UIInterfaceOrientationPortrait UIInterfaceOrientationPortraitUpsideDown UIInterfaceOrientationLandscapeLeft UIInterfaceOrientationLandscapeRight";
				INFOPLIST_KEY_UISupportedInterfaceOrientations_iPhone = "UIInterfaceOrientationPortrait UIInterfaceOrientationLandscapeLeft UIInterfaceOrientationLandscapeRight";
				LD_RUNPATH_SEARCH_PATHS = (
					"$(inherited)",
					"@executable_path/Frameworks",
				);
				MARKETING_VERSION = 1.0;
				PRODUCT_BUNDLE_IDENTIFIER = com.yasinozmeen.InstangramClone;
				PRODUCT_NAME = "$(TARGET_NAME)";
				SWIFT_EMIT_LOC_STRINGS = YES;
				SWIFT_VERSION = 5.0;
				TARGETED_DEVICE_FAMILY = "1,2";
			};
			name = Release;
		};
/* End XCBuildConfiguration section */

/* Begin XCConfigurationList section */
		84F0254C2A43043500980499 /* Build configuration list for PBXProject "InstangramClone" */ = {
			isa = XCConfigurationList;
			buildConfigurations = (
				84F025632A43043700980499 /* Debug */,
				84F025642A43043700980499 /* Release */,
			);
			defaultConfigurationIsVisible = 0;
			defaultConfigurationName = Release;
		};
		84F025652A43043700980499 /* Build configuration list for PBXNativeTarget "InstangramClone" */ = {
			isa = XCConfigurationList;
			buildConfigurations = (
				84F025662A43043700980499 /* Debug */,
				84F025672A43043700980499 /* Release */,
			);
			defaultConfigurationIsVisible = 0;
			defaultConfigurationName = Release;
		};
/* End XCConfigurationList section */
	};
	rootObject = 84F025492A43043500980499 /* Project object */;
}
